
Microsoft Visual Studio Solution File, Format Version 12.00
# Visual Studio 15
Project("{FAE04EC0-301F-11D3-BF4B-00C04F79EFBC}") = "XamarinGraph", "XamarinGraph\XamarinGraph.csproj", "{1C72DC27-64BB-4F3B-8441-A61762156FA7}"
EndProject
Global
	GlobalSection(SolutionConfigurationPlatforms) = preSolution
		Debug|iPhoneSimulator = Debug|iPhoneSimulator
		Release|iPhoneSimulator = Release|iPhoneSimulator
		Debug|iPhone = Debug|iPhone
		Release|iPhone = Release|iPhone
	EndGlobalSection
	GlobalSection(ProjectConfigurationPlatforms) = postSolution
		{1C72DC27-64BB-4F3B-8441-A61762156FA7}.Debug|iPhoneSimulator.ActiveCfg = Debug|iPhoneSimulator
		{1C72DC27-64BB-4F3B-8441-A61762156FA7}.Debug|iPhoneSimulator.Build.0 = Debug|iPhoneSimulator
		{1C72DC27-64BB-4F3B-8441-A61762156FA7}.Release|iPhoneSimulator.ActiveCfg = Release|iPhoneSimulator
		{1C72DC27-64BB-4F3B-8441-A61762156FA7}.Release|iPhoneSimulator.Build.0 = Release|iPhoneSimulator
		{1C72DC27-64BB-4F3B-8441-A61762156FA7}.Debug|iPhone.ActiveCfg = Debug|iPhone
		{1C72DC27-64BB-4F3B-8441-A61762156FA7}.Debug|iPhone.Build.0 = Debug|iPhone
		{1C72DC27-64BB-4F3B-8441-A61762156FA7}.Release|iPhone.ActiveCfg = Release|iPhone
		{1C72DC27-64BB-4F3B-8441-A61762156FA7}.Release|iPhone.Build.0 = Release|iPhone
	EndGlobalSection
EndGlobal
